
Microsoft Visual Studio Solution File, Format Version 12.00
# Visual Studio Version 16
VisualStudioVersion = 16.0.32228.343
MinimumVisualStudioVersion = 10.0.40219.1
Project("{8BC9CEB8-8B4A-11D0-8D11-00A0C91BC942}") = "Login Program", "Login Program.vcxproj", "{B62CFA7D-60D1-4545-B8A4-ABB0E5752ABA}"
EndProject
Global
	GlobalSection(SolutionConfigurationPlatforms) = preSolution
		Debug|x64 = Debug|x64
		Release|x64 = Release|x64
	EndGlobalSection
	GlobalSection(ProjectConfigurationPlatforms) = postSolution
		{B62CFA7D-60D1-4545-B8A4-ABB0E5752ABA}.Debug|x64.ActiveCfg = Debug|x64
		{B62CFA7D-60D1-4545-B8A4-ABB0E5752ABA}.Debug|x64.Build.0 = Debug|x64
		{B62CFA7D-60D1-4545-B8A4-ABB0E5752ABA}.Release|x64.ActiveCfg = Release|x64
		{B62CFA7D-60D1-4545-B8A4-ABB0E5752ABA}.Release|x64.Build.0 = Release|x64
	EndGlobalSection
	GlobalSection(SolutionProperties) = preSolution
		HideSolutionNode = FALSE
	EndGlobalSection
	GlobalSection(ExtensibilityGlobals) = postSolution
		SolutionGuid = {CD068129-B14E-4043-BF4E-32C9FD96EED2}
	EndGlobalSection
EndGlobal
